
Microsoft Visual Studio Solution File, Format Version 12.00
# Visual Studio Version 16
VisualStudioVersion = 16.0.31727.386
MinimumVisualStudioVersion = 10.0.40219.1
Project("{FAE04EC0-301F-11D3-BF4B-00C04F79EFBC}") = "Talkies", "Talkies\Talkies.csproj", "{0549C929-2794-4429-8DC2-6B474E6CD0B0}"
EndProject
Global
	GlobalSection(SolutionConfigurationPlatforms) = preSolution
		Debug|Any CPU = Debug|Any CPU
		Release|Any CPU = Release|Any CPU
	EndGlobalSection
	GlobalSection(ProjectConfigurationPlatforms) = postSolution
		{0549C929-2794-4429-8DC2-6B474E6CD0B0}.Debug|Any CPU.ActiveCfg = Debug|Any CPU
		{0549C929-2794-4429-8DC2-6B474E6CD0B0}.Debug|Any CPU.Build.0 = Debug|Any CPU
		{0549C929-2794-4429-8DC2-6B474E6CD0B0}.Release|Any CPU.ActiveCfg = Release|Any CPU
		{0549C929-2794-4429-8DC2-6B474E6CD0B0}.Release|Any CPU.Build.0 = Release|Any CPU
	EndGlobalSection
	GlobalSection(SolutionProperties) = preSolution
		HideSolutionNode = FALSE
	EndGlobalSection
	GlobalSection(ExtensibilityGlobals) = postSolution
		SolutionGuid = {0A52D40E-9710-47E6-A27A-4AAF2C802947}
	EndGlobalSection
EndGlobal
